
Microsoft Visual Studio Solution File, Format Version 12.00
# Visual Studio 14
VisualStudioVersion = 14.0.25420.1
MinimumVisualStudioVersion = 10.0.40219.1
Project("{2150E333-8FDC-42A3-9474-1A3956D46DE8}") = "Solution Documents", "Solution Documents", "{83DF6A63-BC86-4C45-91B6-F5D5B75F9DD6}"
	ProjectSection(SolutionItems) = preProject
		BISolutionWorksheets.xlsx = BISolutionWorksheets.xlsx
		Information Package.docx = Information Package.docx
		Redwood Realty Case Study.docx = Redwood Realty Case Study.docx
		RedwoodETLScriptNotepad.sql = RedwoodETLScriptNotepad.sql
		StarSchema.vsdx = StarSchema.vsdx
		Tables for Warehouse.png = Tables for Warehouse.png
	EndProjectSection
EndProject
Project("{2150E333-8FDC-42A3-9474-1A3956D46DE8}") = "DM Build", "DM Build", "{7A00981B-78D4-4452-A2E7-B8C40636CC98}"
	ProjectSection(SolutionItems) = preProject
		BuildRedwoodDM.sql = BuildRedwoodDM.sql
	EndProjectSection
EndProject
Project("{159641D6-6404-4A2A-AE62-294DE0FE8301}") = "RedwoodETL", "RedwoodETL\RedwoodETL.dtproj", "{DC3BEC06-B20C-4A3C-87C9-C321E56224FB}"
EndProject
Project("{2150E333-8FDC-42A3-9474-1A3956D46DE8}") = "DM Analysis", "DM Analysis", "{CCC67673-E5BE-4571-BD9A-B116E1618AD1}"
	ProjectSection(SolutionItems) = preProject
		Redwood DM Analysis.xlsx = Redwood DM Analysis.xlsx
	EndProjectSection
EndProject
Project("{D2ABAB84-BF74-430A-B69E-9DC6D40DDA17}") = "RedwoodCube", "RedwoodCube\RedwoodCube.dwproj", "{B83C956B-EEEF-469A-BE3D-91769CAA581F}"
EndProject
Global
	GlobalSection(SolutionConfigurationPlatforms) = preSolution
		Development|Default = Development|Default
	EndGlobalSection
	GlobalSection(ProjectConfigurationPlatforms) = postSolution
		{DC3BEC06-B20C-4A3C-87C9-C321E56224FB}.Development|Default.ActiveCfg = Development
		{DC3BEC06-B20C-4A3C-87C9-C321E56224FB}.Development|Default.Build.0 = Development
		{B83C956B-EEEF-469A-BE3D-91769CAA581F}.Development|Default.ActiveCfg = Development
		{B83C956B-EEEF-469A-BE3D-91769CAA581F}.Development|Default.Build.0 = Development
		{B83C956B-EEEF-469A-BE3D-91769CAA581F}.Development|Default.Deploy.0 = Development
	EndGlobalSection
	GlobalSection(SolutionProperties) = preSolution
		HideSolutionNode = FALSE
	EndGlobalSection
EndGlobal
